// !$*UTF8*$!
{
	archiveVersion = 1;
	classes = {
	};
	objectVersion = 50;
	objects = {

/* Begin PBXBuildFile section */
		84DB37AA22127837002150E5 /* AppDelegate.swift in Sources */ = {isa = PBXBuildFile; fileRef = 84DB37A922127837002150E5 /* AppDelegate.swift */; };
		84DB37AC22127837002150E5 /* ViewController.swift in Sources */ = {isa = PBXBuildFile; fileRef = 84DB37AB22127837002150E5 /* ViewController.swift */; };
		84DB37AF22127837002150E5 /* Main.storyboard in Resources */ = {isa = PBXBuildFile; fileRef = 84DB37AD22127837002150E5 /* Main.storyboard */; };
		84DB37B122127839002150E5 /* Assets.xcassets in Resources */ = {isa = PBXBuildFile; fileRef = 84DB37B022127839002150E5 /* Assets.xcassets */; };
		84DB37B422127839002150E5 /* LaunchScreen.storyboard in Resources */ = {isa = PBXBuildFile; fileRef = 84DB37B222127839002150E5 /* LaunchScreen.storyboard */; };
		84DB37BF22127839002150E5 /* TableFunTests.swift in Sources */ = {isa = PBXBuildFile; fileRef = 84DB37BE22127839002150E5 /* TableFunTests.swift */; };
		84DB37CA22127839002150E5 /* TableFunUITests.swift in Sources */ = {isa = PBXBuildFile; fileRef = 84DB37C922127839002150E5 /* TableFunUITests.swift */; };
/* End PBXBuildFile section */

/* Begin PBXContainerItemProxy section */
		84DB37BB22127839002150E5 /* PBXContainerItemProxy */ = {
			isa = PBXContainerItemProxy;
			containerPortal = 84DB379E22127837002150E5 /* Project object */;
			proxyType = 1;
			remoteGlobalIDString = 84DB37A522127837002150E5;
			remoteInfo = TableFun;
		};
		84DB37C622127839002150E5 /* PBXContainerItemProxy */ = {
			isa = PBXContainerItemProxy;
			containerPortal = 84DB379E22127837002150E5 /* Project object */;
			proxyType = 1;
			remoteGlobalIDString = 84DB37A522127837002150E5;
			remoteInfo = TableFun;
		};
/* End PBXContainerItemProxy section */

/* Begin PBXFileReference section */
		84DB37A622127837002150E5 /* TableFun.app */ = {isa = PBXFileReference; explicitFileType = wrapper.application; includeInIndex = 0; path = TableFun.app; sourceTree = BUILT_PRODUCTS_DIR; };
		84DB37A922127837002150E5 /* AppDelegate.swift */ = {isa = PBXFileReference; lastKnownFileType = sourcecode.swift; path = AppDelegate.swift; sourceTree = "<group>"; };
		84DB37AB22127837002150E5 /* ViewController.swift */ = {isa = PBXFileReference; lastKnownFileType = sourcecode.swift; path = ViewController.swift; sourceTree = "<group>"; };
		84DB37AE22127837002150E5 /* Base */ = {isa = PBXFileReference; lastKnownFileType = file.storyboard; name = Base; path = Base.lproj/Main.storyboard; sourceTree = "<group>"; };
		84DB37B022127839002150E5 /* Assets.xcassets */ = {isa = PBXFileReference; lastKnownFileType = folder.assetcatalog; path = Assets.xcassets; sourceTree = "<group>"; };
		84DB37B322127839002150E5 /* Base */ = {isa = PBXFileReference; lastKnownFileType = file.storyboard; name = Base; path = Base.lproj/LaunchScreen.storyboard; sourceTree = "<group>"; };
		84DB37B522127839002150E5 /* Info.plist */ = {isa = PBXFileReference; lastKnownFileType = text.plist.xml; path = Info.plist; sourceTree = "<group>"; };
		84DB37BA22127839002150E5 /* TableFunTests.xctest */ = {isa = PBXFileReference; explicitFileType = wrapper.cfbundle; includeInIndex = 0; path = TableFunTests.xctest; sourceTree = BUILT_PRODUCTS_DIR; };
		84DB37BE22127839002150E5 /* TableFunTests.swift */ = {isa = PBXFileReference; lastKnownFileType = sourcecode.swift; path = TableFunTests.swift; sourceTree = "<group>"; };
		84DB37C022127839002150E5 /* Info.plist */ = {isa = PBXFileReference; lastKnownFileType = text.plist.xml; path = Info.plist; sourceTree = "<group>"; };
		84DB37C522127839002150E5 /* TableFunUITests.xctest */ = {isa = PBXFileReference; explicitFileType = wrapper.cfbundle; includeInIndex = 0; path = TableFunUITests.xctest; sourceTree = BUILT_PRODUCTS_DIR; };
		84DB37C922127839002150E5 /* TableFunUITests.swift */ = {isa = PBXFileReference; lastKnownFileType = sourcecode.swift; path = TableFunUITests.swift; sourceTree = "<group>"; };
		84DB37CB22127839002150E5 /* Info.plist */ = {isa = PBXFileReference; lastKnownFileType = text.plist.xml; path = Info.plist; sourceTree = "<group>"; };
/* End PBXFileReference section */

/* Begin PBXFrameworksBuildPhase section */
		84DB37A322127837002150E5 /* Frameworks */ = {
			isa = PBXFrameworksBuildPhase;
			buildActionMask = 2147483647;
			files = (
			);
			runOnlyForDeploymentPostprocessing = 0;
		};
		84DB37B722127839002150E5 /* Frameworks */ = {
			isa = PBXFrameworksBuildPhase;
			buildActionMask = 2147483647;
			files = (
			);
			runOnlyForDeploymentPostprocessing = 0;
		};
		84DB37C222127839002150E5 /* Frameworks */ = {
			isa = PBXFrameworksBuildPhase;
			buildActionMask = 2147483647;
			files = (
			);
			runOnlyForDeploymentPostprocessing = 0;
		};
/* End PBXFrameworksBuildPhase section */

/* Begin PBXGroup section */
		84DB379D22127837002150E5 = {
			isa = PBXGroup;
			children = (
				84DB37A822127837002150E5 /* TableFun */,
				84DB37BD22127839002150E5 /* TableFunTests */,
				84DB37C822127839002150E5 /* TableFunUITests */,
				84DB37A722127837002150E5 /* Products */,
			);
			sourceTree = "<group>";
		};
		84DB37A722127837002150E5 /* Products */ = {
			isa = PBXGroup;
			children = (
				84DB37A622127837002150E5 /* TableFun.app */,
				84DB37BA22127839002150E5 /* TableFunTests.xctest */,
				84DB37C522127839002150E5 /* TableFunUITests.xctest */,
			);
			name = Products;
			sourceTree = "<group>";
		};
		84DB37A822127837002150E5 /* TableFun */ = {
			isa = PBXGroup;
			children = (
				84DB37A922127837002150E5 /* AppDelegate.swift */,
				84DB37AB22127837002150E5 /* ViewController.swift */,
				84DB37AD22127837002150E5 /* Main.storyboard */,
				84DB37B022127839002150E5 /* Assets.xcassets */,
				84DB37B222127839002150E5 /* LaunchScreen.storyboard */,
				84DB37B522127839002150E5 /* Info.plist */,
			);
			path = TableFun;
			sourceTree = "<group>";
		};
		84DB37BD22127839002150E5 /* TableFunTests */ = {
			isa = PBXGroup;
			children = (
				84DB37BE22127839002150E5 /* TableFunTests.swift */,
				84DB37C022127839002150E5 /* Info.plist */,
			);
			path = TableFunTests;
			sourceTree = "<group>";
		};
		84DB37C822127839002150E5 /* TableFunUITests */ = {
			isa = PBXGroup;
			children = (
				84DB37C922127839002150E5 /* TableFunUITests.swift */,
				84DB37CB22127839002150E5 /* Info.plist */,
			);
			path = TableFunUITests;
			sourceTree = "<group>";
		};
/* End PBXGroup section */

/* Begin PBXNativeTarget section */
		84DB37A522127837002150E5 /* TableFun */ = {
			isa = PBXNativeTarget;
			buildConfigurationList = 84DB37CE22127839002150E5 /* Build configuration list for PBXNativeTarget "TableFun" */;
			buildPhases = (
				84DB37A222127837002150E5 /* Sources */,
				84DB37A322127837002150E5 /* Frameworks */,
				84DB37A422127837002150E5 /* Resources */,
			);
			buildRules = (
			);
			dependencies = (
			);
			name = TableFun;
			productName = TableFun;
			productReference = 84DB37A622127837002150E5 /* TableFun.app */;
			productType = "com.apple.product-type.application";
		};
		84DB37B922127839002150E5 /* TableFunTests */ = {
			isa = PBXNativeTarget;
			buildConfigurationList = 84DB37D122127839002150E5 /* Build configuration list for PBXNativeTarget "TableFunTests" */;
			buildPhases = (
				84DB37B622127839002150E5 /* Sources */,
				84DB37B722127839002150E5 /* Frameworks */,
				84DB37B822127839002150E5 /* Resources */,
			);
			buildRules = (
			);
			dependencies = (
				84DB37BC22127839002150E5 /* PBXTargetDependency */,
			);
			name = TableFunTests;
			productName = TableFunTests;
			productReference = 84DB37BA22127839002150E5 /* TableFunTests.xctest */;
			productType = "com.apple.product-type.bundle.unit-test";
		};
		84DB37C422127839002150E5 /* TableFunUITests */ = {
			isa = PBXNativeTarget;
			buildConfigurationList = 84DB37D422127839002150E5 /* Build configuration list for PBXNativeTarget "TableFunUITests" */;
			buildPhases = (
				84DB37C122127839002150E5 /* Sources */,
				84DB37C222127839002150E5 /* Frameworks */,
				84DB37C322127839002150E5 /* Resources */,
			);
			buildRules = (
			);
			dependencies = (
				84DB37C722127839002150E5 /* PBXTargetDependency */,
			);
			name = TableFunUITests;
			productName = TableFunUITests;
			productReference = 84DB37C522127839002150E5 /* TableFunUITests.xctest */;
			productType = "com.apple.product-type.bundle.ui-testing";
		};
/* End PBXNativeTarget section */

/* Begin PBXProject section */
		84DB379E22127837002150E5 /* Project object */ = {
			isa = PBXProject;
			attributes = {
				LastSwiftUpdateCheck = 1010;
				LastUpgradeCheck = 1010;
				ORGANIZATIONNAME = KMUTNB;
				TargetAttributes = {
					84DB37A522127837002150E5 = {
						CreatedOnToolsVersion = 10.1;
					};
					84DB37B922127839002150E5 = {
						CreatedOnToolsVersion = 10.1;
						TestTargetID = 84DB37A522127837002150E5;
					};
					84DB37C422127839002150E5 = {
						CreatedOnToolsVersion = 10.1;
						TestTargetID = 84DB37A522127837002150E5;
					};
				};
			};
			buildConfigurationList = 84DB37A122127837002150E5 /* Build configuration list for PBXProject "TableFun" */;
			compatibilityVersion = "Xcode 9.3";
			developmentRegion = en;
			hasScannedForEncodings = 0;
			knownRegions = (
				en,
				Base,
			);
			mainGroup = 84DB379D22127837002150E5;
			productRefGroup = 84DB37A722127837002150E5 /* Products */;
			projectDirPath = "";
			projectRoot = "";
			targets = (
				84DB37A522127837002150E5 /* TableFun */,
				84DB37B922127839002150E5 /* TableFunTests */,
				84DB37C422127839002150E5 /* TableFunUITests */,
			);
		};
/* End PBXProject section */

/* Begin PBXResourcesBuildPhase section */
		84DB37A422127837002150E5 /* Resources */ = {
			isa = PBXResourcesBuildPhase;
			buildActionMask = 2147483647;
			files = (
				84DB37B422127839002150E5 /* LaunchScreen.storyboard in Resources */,
				84DB37B122127839002150E5 /* Assets.xcassets in Resources */,
				84DB37AF22127837002150E5 /* Main.storyboard in Resources */,
			);
			runOnlyForDeploymentPostprocessing = 0;
		};
		84DB37B822127839002150E5 /* Resources */ = {
			isa = PBXResourcesBuildPhase;
			buildActionMask = 2147483647;
			files = (
			);
			runOnlyForDeploymentPostprocessing = 0;
		};
		84DB37C322127839002150E5 /* Resources */ = {
			isa = PBXResourcesBuildPhase;
			buildActionMask = 2147483647;
			files = (
			);
			runOnlyForDeploymentPostprocessing = 0;
		};
/* End PBXResourcesBuildPhase section */

/* Begin PBXSourcesBuildPhase section */
		84DB37A222127837002150E5 /* Sources */ = {
			isa = PBXSourcesBuildPhase;
			buildActionMask = 2147483647;
			files = (
				84DB37AC22127837002150E5 /* ViewController.swift in Sources */,
				84DB37AA22127837002150E5 /* AppDelegate.swift in Sources */,
			);
			runOnlyForDeploymentPostprocessing = 0;
		};
		84DB37B622127839002150E5 /* Sources */ = {
			isa = PBXSourcesBuildPhase;
			buildActionMask = 2147483647;
			files = (
				84DB37BF22127839002150E5 /* TableFunTests.swift in Sources */,
			);
			runOnlyForDeploymentPostprocessing = 0;
		};
		84DB37C122127839002150E5 /* Sources */ = {
			isa = PBXSourcesBuildPhase;
			buildActionMask = 2147483647;
			files = (
				84DB37CA22127839002150E5 /* TableFunUITests.swift in Sources */,
			);
			runOnlyForDeploymentPostprocessing = 0;
		};
/* End PBXSourcesBuildPhase section */

/* Begin PBXTargetDependency section */
		84DB37BC22127839002150E5 /* PBXTargetDependency */ = {
			isa = PBXTargetDependency;
			target = 84DB37A522127837002150E5 /* TableFun */;
			targetProxy = 84DB37BB22127839002150E5 /* PBXContainerItemProxy */;
		};
		84DB37C722127839002150E5 /* PBXTargetDependency */ = {
			isa = PBXTargetDependency;
			target = 84DB37A522127837002150E5 /* TableFun */;
			targetProxy = 84DB37C622127839002150E5 /* PBXContainerItemProxy */;
		};
/* End PBXTargetDependency section */

/* Begin PBXVariantGroup section */
		84DB37AD22127837002150E5 /* Main.storyboard */ = {
			isa = PBXVariantGroup;
			children = (
				84DB37AE22127837002150E5 /* Base */,
			);
			name = Main.storyboard;
			sourceTree = "<group>";
		};
		84DB37B222127839002150E5 /* LaunchScreen.storyboard */ = {
			isa = PBXVariantGroup;
			children = (
				84DB37B322127839002150E5 /* Base */,
			);
			name = LaunchScreen.storyboard;
			sourceTree = "<group>";
		};
/* End PBXVariantGroup section */

/* Begin XCBuildConfiguration section */
		84DB37CC22127839002150E5 /* Debug */ = {
			isa = XCBuildConfiguration;
			buildSettings = {
				ALWAYS_SEARCH_USER_PATHS = NO;
				CLANG_ANALYZER_NONNULL = YES;
				CLANG_ANALYZER_NUMBER_OBJECT_CONVERSION = YES_AGGRESSIVE;
				CLANG_CXX_LANGUAGE_STANDARD = "gnu++14";
				CLANG_CXX_LIBRARY = "libc++";
				CLANG_ENABLE_MODULES = YES;
				CLANG_ENABLE_OBJC_ARC = YES;
				CLANG_ENABLE_OBJC_WEAK = YES;
				CLANG_WARN_BLOCK_CAPTURE_AUTORELEASING = YES;
				CLANG_WARN_BOOL_CONVERSION = YES;
				CLANG_WARN_COMMA = YES;
				CLANG_WARN_CONSTANT_CONVERSION = YES;
				CLANG_WARN_DEPRECATED_OBJC_IMPLEMENTATIONS = YES;
				CLANG_WARN_DIRECT_OBJC_ISA_USAGE = YES_ERROR;
				CLANG_WARN_DOCUMENTATION_COMMENTS = YES;
				CLANG_WARN_EMPTY_BODY = YES;
				CLANG_WARN_ENUM_CONVERSION = YES;
				CLANG_WARN_INFINITE_RECURSION = YES;
				CLANG_WARN_INT_CONVERSION = YES;
				CLANG_WARN_NON_LITERAL_NULL_CONVERSION = YES;
				CLANG_WARN_OBJC_IMPLICIT_RETAIN_SELF = YES;
				CLANG_WARN_OBJC_LITERAL_CONVERSION = YES;
				CLANG_WARN_OBJC_ROOT_CLASS = YES_ERROR;
				CLANG_WARN_RANGE_LOOP_ANALYSIS = YES;
				CLANG_WARN_STRICT_PROTOTYPES = YES;
				CLANG_WARN_SUSPICIOUS_MOVE = YES;
				CLANG_WARN_UNGUARDED_AVAILABILITY = YES_AGGRESSIVE;
				CLANG_WARN_UNREACHABLE_CODE = YES;
				CLANG_WARN__DUPLICATE_METHOD_MATCH = YES;
				CODE_SIGN_IDENTITY = "iPhone Developer";
				COPY_PHASE_STRIP = NO;
				DEBUG_INFORMATION_FORMAT = dwarf;
				ENABLE_STRICT_OBJC_MSGSEND = YES;
				ENABLE_TESTABILITY = YES;
				GCC_C_LANGUAGE_STANDARD = gnu11;
				GCC_DYNAMIC_NO_PIC = NO;
				GCC_NO_COMMON_BLOCKS = YES;
				GCC_OPTIMIZATION_LEVEL = 0;
				GCC_PREPROCESSOR_DEFINITIONS = (
					"DEBUG=1",
					"$(inherited)",
				);
				GCC_WARN_64_TO_32_BIT_CONVERSION = YES;
				GCC_WARN_ABOUT_RETURN_TYPE = YES_ERROR;
				GCC_WARN_UNDECLARED_SELECTOR = YES;
				GCC_WARN_UNINITIALIZED_AUTOS = YES_AGGRESSIVE;
				GCC_WARN_UNUSED_FUNCTION = YES;
				GCC_WARN_UNUSED_VARIABLE = YES;
				IPHONEOS_DEPLOYMENT_TARGET = 12.1;
				MTL_ENABLE_DEBUG_INFO = INCLUDE_SOURCE;
				MTL_FAST_MATH = YES;
				ONLY_ACTIVE_ARCH = YES;
				SDKROOT = iphoneos;
				SWIFT_ACTIVE_COMPILATION_CONDITIONS = DEBUG;
				SWIFT_OPTIMIZATION_LEVEL = "-Onone";
			};
			name = Debug;
		};
		84DB37CD22127839002150E5 /* Release */ = {
			isa = XCBuildConfiguration;
			buildSettings = {
				ALWAYS_SEARCH_USER_PATHS = NO;
				CLANG_ANALYZER_NONNULL = YES;
				CLANG_ANALYZER_NUMBER_OBJECT_CONVERSION = YES_AGGRESSIVE;
				CLANG_CXX_LANGUAGE_STANDARD = "gnu++14";
				CLANG_CXX_LIBRARY = "libc++";
				CLANG_ENABLE_MODULES = YES;
				CLANG_ENABLE_OBJC_ARC = YES;
				CLANG_ENABLE_OBJC_WEAK = YES;
				CLANG_WARN_BLOCK_CAPTURE_AUTORELEASING = YES;
				CLANG_WARN_BOOL_CONVERSION = YES;
				CLANG_WARN_COMMA = YES;
				CLANG_WARN_CONSTANT_CONVERSION = YES;
				CLANG_WARN_DEPRECATED_OBJC_IMPLEMENTATIONS = YES;
				CLANG_WARN_DIRECT_OBJC_ISA_USAGE = YES_ERROR;
				CLANG_WARN_DOCUMENTATION_COMMENTS = YES;
				CLANG_WARN_EMPTY_BODY = YES;
				CLANG_WARN_ENUM_CONVERSION = YES;
				CLANG_WARN_INFINITE_RECURSION = YES;
				CLANG_WARN_INT_CONVERSION = YES;
				CLANG_WARN_NON_LITERAL_NULL_CONVERSION = YES;
				CLANG_WARN_OBJC_IMPLICIT_RETAIN_SELF = YES;
				CLANG_WARN_OBJC_LITERAL_CONVERSION = YES;
				CLANG_WARN_OBJC_ROOT_CLASS = YES_ERROR;
				CLANG_WARN_RANGE_LOOP_ANALYSIS = YES;
				CLANG_WARN_STRICT_PROTOTYPES = YES;
				CLANG_WARN_SUSPICIOUS_MOVE = YES;
				CLANG_WARN_UNGUARDED_AVAILABILITY = YES_AGGRESSIVE;
				CLANG_WARN_UNREACHABLE_CODE = YES;
				CLANG_WARN__DUPLICATE_METHOD_MATCH = YES;
				CODE_SIGN_IDENTITY = "iPhone Developer";
				COPY_PHASE_STRIP = NO;
				DEBUG_INFORMATION_FORMAT = "dwarf-with-dsym";
				ENABLE_NS_ASSERTIONS = NO;
				ENABLE_STRICT_OBJC_MSGSEND = YES;
				GCC_C_LANGUAGE_STANDARD = gnu11;
				GCC_NO_COMMON_BLOCKS = YES;
				GCC_WARN_64_TO_32_BIT_CONVERSION = YES;
				GCC_WARN_ABOUT_RETURN_TYPE = YES_ERROR;
				GCC_WARN_UNDECLARED_SELECTOR = YES;
				GCC_WARN_UNINITIALIZED_AUTOS = YES_AGGRESSIVE;
				GCC_WARN_UNUSED_FUNCTION = YES;
				GCC_WARN_UNUSED_VARIABLE = YES;
				IPHONEOS_DEPLOYMENT_TARGET = 12.1;
				MTL_ENABLE_DEBUG_INFO = NO;
				MTL_FAST_MATH = YES;
				SDKROOT = iphoneos;
				SWIFT_COMPILATION_MODE = wholemodule;
				SWIFT_OPTIMIZATION_LEVEL = "-O";
				VALIDATE_PRODUCT = YES;
			};
			name = Release;
		};
		84DB37CF22127839002150E5 /* Debug */ = {
			isa = XCBuildConfiguration;
			buildSettings = {
				ASSETCATALOG_COMPILER_APPICON_NAME = AppIcon;
				CODE_SIGN_STYLE = Automatic;
				INFOPLIST_FILE = TableFun/Info.plist;
				LD_RUNPATH_SEARCH_PATHS = (
					"$(inherited)",
					"@executable_path/Frameworks",
				);
				PRODUCT_BUNDLE_IDENTIFIER = student.kmutnb.TableFun;
				PRODUCT_NAME = "$(TARGET_NAME)";
				SWIFT_VERSION = 4.2;
				TARGETED_DEVICE_FAMILY = "1,2";
			};
			name = Debug;
		};
		84DB37D022127839002150E5 /* Release */ = {
			isa = XCBuildConfiguration;
			buildSettings = {
				ASSETCATALOG_COMPILER_APPICON_NAME = AppIcon;
				CODE_SIGN_STYLE = Automatic;
				INFOPLIST_FILE = TableFun/Info.plist;
				LD_RUNPATH_SEARCH_PATHS = (
					"$(inherited)",
					"@executable_path/Frameworks",
				);
				PRODUCT_BUNDLE_IDENTIFIER = student.kmutnb.TableFun;
				PRODUCT_NAME = "$(TARGET_NAME)";
				SWIFT_VERSION = 4.2;
				TARGETED_DEVICE_FAMILY = "1,2";
			};
			name = Release;
		};
		84DB37D222127839002150E5 /* Debug */ = {
			isa = XCBuildConfiguration;
			buildSettings = {
				ALWAYS_EMBED_SWIFT_STANDARD_LIBRARIES = YES;
				BUNDLE_LOADER = "$(TEST_HOST)";
				CODE_SIGN_STYLE = Automatic;
				INFOPLIST_FILE = TableFunTests/Info.plist;
				LD_RUNPATH_SEARCH_PATHS = (
					"$(inherited)",
					"@executable_path/Frameworks",
					"@loader_path/Frameworks",
				);
				PRODUCT_BUNDLE_IDENTIFIER = student.kmutnb.TableFunTests;
				PRODUCT_NAME = "$(TARGET_NAME)";
				SWIFT_VERSION = 4.2;
				TARGETED_DEVICE_FAMILY = "1,2";
				TEST_HOST = "$(BUILT_PRODUCTS_DIR)/TableFun.app/TableFun";
			};
			name = Debug;
		};
		84DB37D322127839002150E5 /* Release */ = {
			isa = XCBuildConfiguration;
			buildSettings = {
				ALWAYS_EMBED_SWIFT_STANDARD_LIBRARIES = YES;
				BUNDLE_LOADER = "$(TEST_HOST)";
				CODE_SIGN_STYLE = Automatic;
				INFOPLIST_FILE = TableFunTests/Info.plist;
				LD_RUNPATH_SEARCH_PATHS = (
					"$(inherited)",
					"@executable_path/Frameworks",
					"@loader_path/Frameworks",
				);
				PRODUCT_BUNDLE_IDENTIFIER = student.kmutnb.TableFunTests;
				PRODUCT_NAME = "$(TARGET_NAME)";
				SWIFT_VERSION = 4.2;
				TARGETED_DEVICE_FAMILY = "1,2";
				TEST_HOST = "$(BUILT_PRODUCTS_DIR)/TableFun.app/TableFun";
			};
			name = Release;
		};
		84DB37D522127839002150E5 /* Debug */ = {
			isa = XCBuildConfiguration;
			buildSettings = {
				ALWAYS_EMBED_SWIFT_STANDARD_LIBRARIES = YES;
				CODE_SIGN_STYLE = Automatic;
				INFOPLIST_FILE = TableFunUITests/Info.plist;
				LD_RUNPATH_SEARCH_PATHS = (
					"$(inherited)",
					"@executable_path/Frameworks",
					"@loader_path/Frameworks",
				);
				PRODUCT_BUNDLE_IDENTIFIER = student.kmutnb.TableFunUITests;
				PRODUCT_NAME = "$(TARGET_NAME)";
				SWIFT_VERSION = 4.2;
				TARGETED_DEVICE_FAMILY = "1,2";
				TEST_TARGET_NAME = TableFun;
			};
			name = Debug;
		};
		84DB37D622127839002150E5 /* Release */ = {
			isa = XCBuildConfiguration;
			buildSettings = {
				ALWAYS_EMBED_SWIFT_STANDARD_LIBRARIES = YES;
				CODE_SIGN_STYLE = Automatic;
				INFOPLIST_FILE = TableFunUITests/Info.plist;
				LD_RUNPATH_SEARCH_PATHS = (
					"$(inherited)",
					"@executable_path/Frameworks",
					"@loader_path/Frameworks",
				);
				PRODUCT_BUNDLE_IDENTIFIER = student.kmutnb.TableFunUITests;
				PRODUCT_NAME = "$(TARGET_NAME)";
				SWIFT_VERSION = 4.2;
				TARGETED_DEVICE_FAMILY = "1,2";
				TEST_TARGET_NAME = TableFun;
			};
			name = Release;
		};
/* End XCBuildConfiguration section */

/* Begin XCConfigurationList section */
		84DB37A122127837002150E5 /* Build configuration list for PBXProject "TableFun" */ = {
			isa = XCConfigurationList;
			buildConfigurations = (
				84DB37CC22127839002150E5 /* Debug */,
				84DB37CD22127839002150E5 /* Release */,
			);
			defaultConfigurationIsVisible = 0;
			defaultConfigurationName = Release;
		};
		84DB37CE22127839002150E5 /* Build configuration list for PBXNativeTarget "TableFun" */ = {
			isa = XCConfigurationList;
			buildConfigurations = (
				84DB37CF22127839002150E5 /* Debug */,
				84DB37D022127839002150E5 /* Release */,
			);
			defaultConfigurationIsVisible = 0;
			defaultConfigurationName = Release;
		};
		84DB37D122127839002150E5 /* Build configuration list for PBXNativeTarget "TableFunTests" */ = {
			isa = XCConfigurationList;
			buildConfigurations = (
				84DB37D222127839002150E5 /* Debug */,
				84DB37D322127839002150E5 /* Release */,
			);
			defaultConfigurationIsVisible = 0;
			defaultConfigurationName = Release;
		};
		84DB37D422127839002150E5 /* Build configuration list for PBXNativeTarget "TableFunUITests" */ = {
			isa = XCConfigurationList;
			buildConfigurations = (
				84DB37D522127839002150E5 /* Debug */,
				84DB37D622127839002150E5 /* Release */,
			);
			defaultConfigurationIsVisible = 0;
			defaultConfigurationName = Release;
		};
/* End XCConfigurationList section */
	};
	rootObject = 84DB379E22127837002150E5 /* Project object */;
}
